
Microsoft Visual Studio Solution File, Format Version 12.00
# Visual Studio Version 17
VisualStudioVersion = 17.13.35931.197 d17.13
MinimumVisualStudioVersion = 10.0.40219.1
Project("{FAE04EC0-301F-11D3-BF4B-00C04F79EFBC}") = "Universum_OnlineCourses", "Universum_OnlineCourses\Universum_OnlineCourses.csproj", "{90646D45-E658-4896-989F-17E8680ECC04}"
EndProject
Global
	GlobalSection(SolutionConfigurationPlatforms) = preSolution
		Debug|Any CPU = Debug|Any CPU
		Release|Any CPU = Release|Any CPU
	EndGlobalSection
	GlobalSection(ProjectConfigurationPlatforms) = postSolution
		{90646D45-E658-4896-989F-17E8680ECC04}.Debug|Any CPU.ActiveCfg = Debug|Any CPU
		{90646D45-E658-4896-989F-17E8680ECC04}.Debug|Any CPU.Build.0 = Debug|Any CPU
		{90646D45-E658-4896-989F-17E8680ECC04}.Release|Any CPU.ActiveCfg = Release|Any CPU
		{90646D45-E658-4896-989F-17E8680ECC04}.Release|Any CPU.Build.0 = Release|Any CPU
	EndGlobalSection
	GlobalSection(SolutionProperties) = preSolution
		HideSolutionNode = FALSE
	EndGlobalSection
	GlobalSection(ExtensibilityGlobals) = postSolution
		SolutionGuid = {1728C891-18D9-4279-AB44-D464F687FCE9}
	EndGlobalSection
EndGlobal
